
Microsoft Visual Studio Solution File, Format Version 12.00
# Visual Studio Version 16
VisualStudioVersion = 16.0.31729.503
MinimumVisualStudioVersion = 10.0.40219.1
Project("{FAE04EC0-301F-11D3-BF4B-00C04F79EFBC}") = "SvgCanvas", "SvgCanvas.csproj", "{98C17240-17E4-407D-98DD-442425E25341}"
EndProject
Global
	GlobalSection(SolutionConfigurationPlatforms) = preSolution
		Debug|Any CPU = Debug|Any CPU
		Release|Any CPU = Release|Any CPU
	EndGlobalSection
	GlobalSection(ProjectConfigurationPlatforms) = postSolution
		{98C17240-17E4-407D-98DD-442425E25341}.Debug|Any CPU.ActiveCfg = Debug|Any CPU
		{98C17240-17E4-407D-98DD-442425E25341}.Debug|Any CPU.Build.0 = Debug|Any CPU
		{98C17240-17E4-407D-98DD-442425E25341}.Release|Any CPU.ActiveCfg = Release|Any CPU
		{98C17240-17E4-407D-98DD-442425E25341}.Release|Any CPU.Build.0 = Release|Any CPU
	EndGlobalSection
	GlobalSection(SolutionProperties) = preSolution
		HideSolutionNode = FALSE
	EndGlobalSection
	GlobalSection(ExtensibilityGlobals) = postSolution
		SolutionGuid = {789B0054-9291-40FA-8A86-ABDE9429B696}
	EndGlobalSection
EndGlobal
